
Microsoft Visual Studio Solution File, Format Version 12.00
# Visual Studio Version 17
VisualStudioVersion = 17.13.35913.81 d17.13
MinimumVisualStudioVersion = 10.0.40219.1
Project("{FAE04EC0-301F-11D3-BF4B-00C04F79EFBC}") = "space_survival", "Project2\space_survival.csproj", "{D51D594F-4163-46D7-AFDA-57075D05B349}"
EndProject
Global
	GlobalSection(SolutionConfigurationPlatforms) = preSolution
		Debug|Any CPU = Debug|Any CPU
		Release|Any CPU = Release|Any CPU
	EndGlobalSection
	GlobalSection(ProjectConfigurationPlatforms) = postSolution
		{D51D594F-4163-46D7-AFDA-57075D05B349}.Debug|Any CPU.ActiveCfg = Debug|Any CPU
		{D51D594F-4163-46D7-AFDA-57075D05B349}.Debug|Any CPU.Build.0 = Debug|Any CPU
		{D51D594F-4163-46D7-AFDA-57075D05B349}.Release|Any CPU.ActiveCfg = Release|Any CPU
		{D51D594F-4163-46D7-AFDA-57075D05B349}.Release|Any CPU.Build.0 = Release|Any CPU
	EndGlobalSection
	GlobalSection(SolutionProperties) = preSolution
		HideSolutionNode = FALSE
	EndGlobalSection
	GlobalSection(ExtensibilityGlobals) = postSolution
		SolutionGuid = {62DA2647-D828-4523-BE96-DF8F11C8576D}
	EndGlobalSection
EndGlobal
